
Microsoft Visual Studio Solution File, Format Version 12.00
# Visual Studio 15
VisualStudioVersion = 15.0.28010.2016
MinimumVisualStudioVersion = 10.0.40219.1
Project("{FAE04EC0-301F-11D3-BF4B-00C04F79EFBC}") = "Ks.Cacher", "Ks.Cacher\Ks.Cacher.csproj", "{EB460F7D-4432-4811-9E24-B3DD25A149A0}"
EndProject
Project("{FAE04EC0-301F-11D3-BF4B-00C04F79EFBC}") = "Ks.Cacher.Test", "Ks.Cacher.Test\Ks.Cacher.Test.csproj", "{63D9E7B0-B934-4A0E-B1BA-4C45B156B902}"
EndProject
Global
	GlobalSection(SolutionConfigurationPlatforms) = preSolution
		Debug|Any CPU = Debug|Any CPU
		Release|Any CPU = Release|Any CPU
	EndGlobalSection
	GlobalSection(ProjectConfigurationPlatforms) = postSolution
		{EB460F7D-4432-4811-9E24-B3DD25A149A0}.Debug|Any CPU.ActiveCfg = Debug|Any CPU
		{EB460F7D-4432-4811-9E24-B3DD25A149A0}.Debug|Any CPU.Build.0 = Debug|Any CPU
		{EB460F7D-4432-4811-9E24-B3DD25A149A0}.Release|Any CPU.ActiveCfg = Release|Any CPU
		{EB460F7D-4432-4811-9E24-B3DD25A149A0}.Release|Any CPU.Build.0 = Release|Any CPU
		{63D9E7B0-B934-4A0E-B1BA-4C45B156B902}.Debug|Any CPU.ActiveCfg = Debug|Any CPU
		{63D9E7B0-B934-4A0E-B1BA-4C45B156B902}.Debug|Any CPU.Build.0 = Debug|Any CPU
		{63D9E7B0-B934-4A0E-B1BA-4C45B156B902}.Release|Any CPU.ActiveCfg = Release|Any CPU
		{63D9E7B0-B934-4A0E-B1BA-4C45B156B902}.Release|Any CPU.Build.0 = Release|Any CPU
	EndGlobalSection
	GlobalSection(SolutionProperties) = preSolution
		HideSolutionNode = FALSE
	EndGlobalSection
	GlobalSection(ExtensibilityGlobals) = postSolution
		SolutionGuid = {C9CB2AD9-B225-4E07-AF91-A5FD5DC690A2}
	EndGlobalSection
EndGlobal
